# THIS IS AN AUTOGENERATED FILE. DO NOT EDIT THIS FILE DIRECTLY.
# yarn lockfile v1


"@babel/runtime@^7.20.6":
  version "7.21.0"
  resolved "https://registry.yarnpkg.com/@babel/runtime/-/runtime-7.21.0.tgz#5b55c9d394e5fcf304909a8b00c07dc217b56673"
  integrity sha512-xwII0//EObnq89Ji5AKYQaRYiW/nZ3llSv29d49IuxPhKbtJoLP+9QUUZ4nVragQVtaVGeZrpB+ZtG/Pdy/POw==
  dependencies:
    regenerator-runtime "^0.13.11"

dialog-polyfill@*:
  version "0.5.6"
  resolved "https://registry.yarnpkg.com/dialog-polyfill/-/dialog-polyfill-0.5.6.tgz#7507b4c745a82fcee0fa07ce64d835979719599a"
  integrity sha512-ZbVDJI9uvxPAKze6z146rmfUZjBqNEwcnFTVamQzXH+svluiV7swmVIGr7miwADgfgt1G2JQIytypM9fbyhX4w==

file-saver@*:
  version "2.0.5"
  resolved "https://registry.yarnpkg.com/file-saver/-/file-saver-2.0.5.tgz#d61cfe2ce059f414d899e9dd6d4107ee25670c38"
  integrity sha512-P9bmyZ3h/PRG+Nzga+rbdI4OEpNDzAVyy74uVO9ATgzLK6VtAsYybF/+TOCvrc0MO793d6+42lLyZTw7/ArVzA==

handlebars@*:
  version "4.7.7"
  resolved "https://registry.yarnpkg.com/handlebars/-/handlebars-4.7.7.tgz#9ce33416aad02dbd6c8fafa8240d5d98004945a1"
  integrity sha512-aAcXm5OAfE/8IXkcZvCepKU3VzW1/39Fb5ZuqMtgI/hT8X2YgoMvBY5dLhq/cpOvw7Lk1nK/UF71aLG/ZnVYRA==
  dependencies:
    minimist "^1.2.5"
    neo-async "^2.6.0"
    source-map "^0.6.1"
    wordwrap "^1.0.0"
  optionalDependencies:
    uglify-js "^3.1.4"

i18next@*:
  version "22.4.11"
  resolved "https://registry.yarnpkg.com/i18next/-/i18next-22.4.11.tgz#8b6c9be95176de90d3f10a78af125d95d3a3258d"
  integrity sha512-ShfTzXVMjXdF2iPiT/wbizOrssLh9Ab6VpuVROihLCAu+u25KbZiEYVgsA0W6g0SgjPa/JmGWcUEV/g6cKzEjQ==
  dependencies:
    "@babel/runtime" "^7.20.6"

jquery.scrollto@*:
  version "2.1.3"
  resolved "https://registry.yarnpkg.com/jquery.scrollto/-/jquery.scrollto-2.1.3.tgz#0ec03d5a64398f2e4dd6f3d316e091812ce4f29d"
  integrity sha512-4M+t5R4QRnq1CSRU9gswZ7Z4zRfcoWmgD31HRrLYCCI4J7tLWeE0ZoT+0JpI7GcT0YKTqcfw+p8t2yYEKFfrHA==
  dependencies:
    jquery ">=1.8"

jquery@*, jquery@>=1.8:
  version "3.6.4"
  resolved "https://registry.yarnpkg.com/jquery/-/jquery-3.6.4.tgz#ba065c188142100be4833699852bf7c24dc0252f"
  integrity sha512-v28EW9DWDFpzcD9O5iyJXg3R3+q+mET5JhnjJzQUZMHOv67bpSIHq81GEYpPNZHG+XXHsfSme3nxp/hndKEcsQ==

material-design-lite@*:
  version "1.3.0"
  resolved "https://registry.yarnpkg.com/material-design-lite/-/material-design-lite-1.3.0.tgz#d004ce3fee99a1eeb74a78b8a325134a5f1171d3"
  integrity sha512-ao76b0bqSTKcEMt7Pui+J/S3eVF0b3GWfuKUwfe2lP5DKlLZOwBq37e0/bXEzxrw7/SuHAuYAdoCwY6mAYhrsg==

minimist@^1.2.5:
  version "1.2.8"
  resolved "https://registry.yarnpkg.com/minimist/-/minimist-1.2.8.tgz#c1a464e7693302e082a075cee0c057741ac4772c"
  integrity sha512-2yyAR8qBkN3YuheJanUpWC5U3bb5osDywNB8RzDVlDwDHbocAJveqqj1u8+SVD7jkWT4yvsHCpWqqWqAxb0zCA==

moment@*:
  version "2.29.4"
  resolved "https://registry.yarnpkg.com/moment/-/moment-2.29.4.tgz#3dbe052889fe7c1b2ed966fcb3a77328964ef108"
  integrity sha512-5LC9SOxjSc2HF6vO2CyuTDNivEdoz2IvyJJGj6X8DJ0eFyfszE0QiEd+iXmBvUP3WHxSjFH/vIsA0EN00cgr8w==

neo-async@^2.6.0:
  version "2.6.2"
  resolved "https://registry.yarnpkg.com/neo-async/-/neo-async-2.6.2.tgz#b4aafb93e3aeb2d8174ca53cf163ab7d7308305f"
  integrity sha512-Yd3UES5mWCSqR+qNT93S3UoYUkqAZ9lLg8a7g9rimsWmYGK8cVToA4/sF3RrshdyV3sAGMXVUmpMYOw+dLpOuw==

regenerator-runtime@^0.13.11:
  version "0.13.11"
  resolved "https://registry.yarnpkg.com/regenerator-runtime/-/regenerator-runtime-0.13.11.tgz#f6dca3e7ceec20590d07ada785636a90cdca17f9"
  integrity sha512-kY1AZVr2Ra+t+piVaJ4gxaFaReZVH40AKNo7UCX6W+dEwBo/2oZJzqfuN1qLq1oL45o56cPaTXELwrTh8Fpggg==

source-map@^0.6.1:
  version "0.6.1"
  resolved "https://registry.yarnpkg.com/source-map/-/source-map-0.6.1.tgz#74722af32e9614e9c287a8d0bbde48b5e2f1a263"
  integrity sha512-UjgapumWlbMhkBgzT7Ykc5YXUT46F0iKu8SGXq0bcwP5dz/h0Plj6enJqjz1Zbq2l5WaqYnrVbwWOWMyF3F47g==

uglify-js@^3.1.4:
  version "3.17.4"
  resolved "https://registry.yarnpkg.com/uglify-js/-/uglify-js-3.17.4.tgz#61678cf5fa3f5b7eb789bb345df29afb8257c22c"
  integrity sha512-T9q82TJI9e/C1TAxYvfb16xO120tMVFZrGA3f9/P4424DNu6ypK103y0GPFVa17yotwSyZW5iYXgjYHkGrJW/g==

wordwrap@^1.0.0:
  version "1.0.0"
  resolved "https://registry.yarnpkg.com/wordwrap/-/wordwrap-1.0.0.tgz#27584810891456a4171c8d0226441ade90cbcaeb"
  integrity sha512-gvVzJFlPycKc5dZN4yPkP8w7Dc37BtP1yczEneOb4uq34pXZcvrtRTmWV8W+Ume+XCxKgbjM+nevkyFPMybd4Q==
